
Microsoft Visual Studio Solution File, Format Version 12.00
# Visual Studio Version 16
VisualStudioVersion = 16.0.30413.136
MinimumVisualStudioVersion = 10.0.40219.1
Project("{8BC9CEB8-8B4A-11D0-8D11-00A0C91BC942}") = "teeeeeeeee", "teeeeeeeee\teeeeeeeee.vcxproj", "{79D479B7-55E4-4527-AF3B-C1AA48DE3519}"
EndProject
Project("{54435603-DBB4-11D2-8724-00A0C9A8B90C}") = "Setup1", "Setup1\Setup1.vdproj", "{1524CBA5-EF86-4C5B-B668-8536B6ACC351}"
EndProject
Global
	GlobalSection(SolutionConfigurationPlatforms) = preSolution
		Debug|x64 = Debug|x64
		Debug|x86 = Debug|x86
		Release|x64 = Release|x64
		Release|x86 = Release|x86
	EndGlobalSection
	GlobalSection(ProjectConfigurationPlatforms) = postSolution
		{79D479B7-55E4-4527-AF3B-C1AA48DE3519}.Debug|x64.ActiveCfg = Debug|x64
		{79D479B7-55E4-4527-AF3B-C1AA48DE3519}.Debug|x64.Build.0 = Debug|x64
		{79D479B7-55E4-4527-AF3B-C1AA48DE3519}.Debug|x86.ActiveCfg = Debug|Win32
		{79D479B7-55E4-4527-AF3B-C1AA48DE3519}.Debug|x86.Build.0 = Debug|Win32
		{79D479B7-55E4-4527-AF3B-C1AA48DE3519}.Release|x64.ActiveCfg = Release|x64
		{79D479B7-55E4-4527-AF3B-C1AA48DE3519}.Release|x64.Build.0 = Release|x64
		{79D479B7-55E4-4527-AF3B-C1AA48DE3519}.Release|x86.ActiveCfg = Release|Win32
		{79D479B7-55E4-4527-AF3B-C1AA48DE3519}.Release|x86.Build.0 = Release|Win32
		{1524CBA5-EF86-4C5B-B668-8536B6ACC351}.Debug|x64.ActiveCfg = Debug
		{1524CBA5-EF86-4C5B-B668-8536B6ACC351}.Debug|x86.ActiveCfg = Debug
		{1524CBA5-EF86-4C5B-B668-8536B6ACC351}.Release|x64.ActiveCfg = Release
		{1524CBA5-EF86-4C5B-B668-8536B6ACC351}.Release|x86.ActiveCfg = Release
	EndGlobalSection
	GlobalSection(SolutionProperties) = preSolution
		HideSolutionNode = FALSE
	EndGlobalSection
	GlobalSection(ExtensibilityGlobals) = postSolution
		SolutionGuid = {D874045E-FF1F-4DCB-8603-AF974778687E}
	EndGlobalSection
EndGlobal
